
Microsoft Visual Studio Solution File, Format Version 12.00
# Visual Studio 15
VisualStudioVersion = 15.0.27703.2000
MinimumVisualStudioVersion = 10.0.40219.1
Project("{FAE04EC0-301F-11D3-BF4B-00C04F79EFBC}") = "UserLookupBackend", "UserLookupBackend\UserLookupBackend.csproj", "{48BCC220-7E00-499B-8534-005A19DC064B}"
EndProject
Global
	GlobalSection(SolutionConfigurationPlatforms) = preSolution
		Debug|Any CPU = Debug|Any CPU
		Release|Any CPU = Release|Any CPU
	EndGlobalSection
	GlobalSection(ProjectConfigurationPlatforms) = postSolution
		{48BCC220-7E00-499B-8534-005A19DC064B}.Debug|Any CPU.ActiveCfg = Debug|Any CPU
		{48BCC220-7E00-499B-8534-005A19DC064B}.Debug|Any CPU.Build.0 = Debug|Any CPU
		{48BCC220-7E00-499B-8534-005A19DC064B}.Release|Any CPU.ActiveCfg = Release|Any CPU
		{48BCC220-7E00-499B-8534-005A19DC064B}.Release|Any CPU.Build.0 = Release|Any CPU
	EndGlobalSection
	GlobalSection(SolutionProperties) = preSolution
		HideSolutionNode = FALSE
	EndGlobalSection
	GlobalSection(ExtensibilityGlobals) = postSolution
		SolutionGuid = {8C1D797D-9D71-4D23-8D63-5974FF539960}
	EndGlobalSection
EndGlobal
